
Microsoft Visual Studio Solution File, Format Version 12.00
# Visual Studio Version 16
VisualStudioVersion = 16.0.30104.148
MinimumVisualStudioVersion = 10.0.40219.1
Project("{FAE04EC0-301F-11D3-BF4B-00C04F79EFBC}") = "SeleniumHelper", "SeleniumHelper\SeleniumHelper.csproj", "{5A7D1107-A21F-40B0-9F01-2D4F64BA953A}"
EndProject
Project("{FAE04EC0-301F-11D3-BF4B-00C04F79EFBC}") = "SeleniumHelper.Test", "SeleniumHelper.Test\SeleniumHelper.Test.csproj", "{DD634017-6BC5-4457-945B-10DBFC8FCDCF}"
EndProject
Global
	GlobalSection(SolutionConfigurationPlatforms) = preSolution
		Debug|Any CPU = Debug|Any CPU
		Release|Any CPU = Release|Any CPU
	EndGlobalSection
	GlobalSection(ProjectConfigurationPlatforms) = postSolution
		{5A7D1107-A21F-40B0-9F01-2D4F64BA953A}.Debug|Any CPU.ActiveCfg = Debug|Any CPU
		{5A7D1107-A21F-40B0-9F01-2D4F64BA953A}.Debug|Any CPU.Build.0 = Debug|Any CPU
		{5A7D1107-A21F-40B0-9F01-2D4F64BA953A}.Release|Any CPU.ActiveCfg = Release|Any CPU
		{5A7D1107-A21F-40B0-9F01-2D4F64BA953A}.Release|Any CPU.Build.0 = Release|Any CPU
		{DD634017-6BC5-4457-945B-10DBFC8FCDCF}.Debug|Any CPU.ActiveCfg = Debug|Any CPU
		{DD634017-6BC5-4457-945B-10DBFC8FCDCF}.Debug|Any CPU.Build.0 = Debug|Any CPU
		{DD634017-6BC5-4457-945B-10DBFC8FCDCF}.Release|Any CPU.ActiveCfg = Release|Any CPU
		{DD634017-6BC5-4457-945B-10DBFC8FCDCF}.Release|Any CPU.Build.0 = Release|Any CPU
	EndGlobalSection
	GlobalSection(SolutionProperties) = preSolution
		HideSolutionNode = FALSE
	EndGlobalSection
	GlobalSection(ExtensibilityGlobals) = postSolution
		SolutionGuid = {6766E605-B603-403D-90F8-252FCF48668B}
	EndGlobalSection
EndGlobal
